// !$*UTF8*$!
{
	archiveVersion = 1;
	classes = {
	};
	objectVersion = 110;
	objects = {

/* Begin PBXContainerItemProxy section */
		977E8552306668CB00F370D1 /* PBXContainerItemProxy */ = {
			isa = PBXContainerItemProxy;
			containerPortal = 977E853C306668CA00F370D1 /* Project object */;
			proxyType = 1;
			remoteGlobalIDString = 977E8543306668CA00F370D1;
			remoteInfo = Konsole;
		};
		977E855C306668CB00F370D1 /* PBXContainerItemProxy */ = {
			isa = PBXContainerItemProxy;
			containerPortal = 977E853C306668CA00F370D1 /* Project object */;
			proxyType = 1;
			remoteGlobalIDString = 977E8543306668CA00F370D1;
			remoteInfo = Konsole;
		};
/* End PBXContainerItemProxy section */

/* Begin PBXFileReference section */
		977E8544306668CA00F370D1 /* Konsole.app */ = {isa = PBXFileReference; explicitFileType = wrapper.application; includeInIndex = 0; path = Konsole.app; sourceTree = BUILT_PRODUCTS_DIR; };
		977E8551306668CB00F370D1 /* KonsoleTests.xctest */ = {isa = PBXFileReference; explicitFileType = wrapper.cfbundle; includeInIndex = 0; path = KonsoleTests.xctest; sourceTree = BUILT_PRODUCTS_DIR; };
		977E855B306668CB00F370D1 /* KonsoleUITests.xctest */ = {isa = PBXFileReference; explicitFileType = wrapper.cfbundle; includeInIndex = 0; path = KonsoleUITests.xctest; sourceTree = BUILT_PRODUCTS_DIR; };
/* End PBXFileReference section */

/* Begin PBXFileSystemSynchronizedRootGroup section */
		977E8546306668CA00F370D1 /* Konsole */ = {
			isa = PBXFileSystemSynchronizedRootGroup;
			path = Konsole;
			sourceTree = "<group>";
		};
		977E8554306668CB00F370D1 /* KonsoleTests */ = {
			isa = PBXFileSystemSynchronizedRootGroup;
			path = KonsoleTests;
			sourceTree = "<group>";
		};
		977E855E306668CB00F370D1 /* KonsoleUITests */ = {
			isa = PBXFileSystemSynchronizedRootGroup;
			path = KonsoleUITests;
			sourceTree = "<group>";
		};
/* End PBXFileSystemSynchronizedRootGroup section */

/* Begin PBXFrameworksBuildPhase section */
		977E8541306668CA00F370D1 /* Frameworks */ = {
			isa = PBXFrameworksBuildPhase;
			files = (
			);
		};
		977E854E306668CB00F370D1 /* Frameworks */ = {
			isa = PBXFrameworksBuildPhase;
			files = (
			);
		};
		977E8558306668CB00F370D1 /* Frameworks */ = {
			isa = PBXFrameworksBuildPhase;
			files = (
			);
		};
/* End PBXFrameworksBuildPhase section */

/* Begin PBXGroup section */
		977E853B306668CA00F370D1 = {
			isa = PBXGroup;
			children = (
				977E8546306668CA00F370D1 /* Konsole */,
				977E8554306668CB00F370D1 /* KonsoleTests */,
				977E855E306668CB00F370D1 /* KonsoleUITests */,
				977E8545306668CA00F370D1 /* Products */,
			);
			sourceTree = "<group>";
		};
		977E8545306668CA00F370D1 /* Products */ = {
			isa = PBXGroup;
			children = (
				977E8544306668CA00F370D1 /* Konsole.app */,
				977E8551306668CB00F370D1 /* KonsoleTests.xctest */,
				977E855B306668CB00F370D1 /* KonsoleUITests.xctest */,
			);
			name = Products;
			sourceTree = "<group>";
		};
/* End PBXGroup section */

/* Begin PBXNativeTarget section */
		977E8543306668CA00F370D1 /* Konsole */ = {
			isa = PBXNativeTarget;
			buildConfigurationList = 977E8563306668CB00F370D1 /* Build configuration list for PBXNativeTarget "Konsole" */;
			buildPhases = (
				977E8540306668CA00F370D1 /* Sources */,
				977E8541306668CA00F370D1 /* Frameworks */,
				977E8542306668CA00F370D1 /* Resources */,
			);
			buildRules = (
			);
			fileSystemSynchronizedGroups = (
				977E8546306668CA00F370D1 /* Konsole */,
			);
			name = Konsole;
			productName = Konsole;
			productReference = 977E8544306668CA00F370D1 /* Konsole.app */;
			productType = "com.apple.product-type.application";
		};
		977E8550306668CB00F370D1 /* KonsoleTests */ = {
			isa = PBXNativeTarget;
			buildConfigurationList = 977E8566306668CB00F370D1 /* Build configuration list for PBXNativeTarget "KonsoleTests" */;
			buildPhases = (
				977E854D306668CB00F370D1 /* Sources */,
				977E854E306668CB00F370D1 /* Frameworks */,
				977E854F306668CB00F370D1 /* Resources */,
			);
			buildRules = (
			);
			dependencies = (
				977E8553306668CB00F370D1 /* PBXTargetDependency */,
			);
			fileSystemSynchronizedGroups = (
				977E8554306668CB00F370D1 /* KonsoleTests */,
			);
			name = KonsoleTests;
			productName = KonsoleTests;
			productReference = 977E8551306668CB00F370D1 /* KonsoleTests.xctest */;
			productType = "com.apple.product-type.bundle.unit-test";
		};
		977E855A306668CB00F370D1 /* KonsoleUITests */ = {
			isa = PBXNativeTarget;
			buildConfigurationList = 977E8569306668CB00F370D1 /* Build configuration list for PBXNativeTarget "KonsoleUITests" */;
			buildPhases = (
				977E8557306668CB00F370D1 /* Sources */,
				977E8558306668CB00F370D1 /* Frameworks */,
				977E8559306668CB00F370D1 /* Resources */,
			);
			buildRules = (
			);
			dependencies = (
				977E855D306668CB00F370D1 /* PBXTargetDependency */,
			);
			fileSystemSynchronizedGroups = (
				977E855E306668CB00F370D1 /* KonsoleUITests */,
			);
			name = KonsoleUITests;
			productName = KonsoleUITests;
			productReference = 977E855B306668CB00F370D1 /* KonsoleUITests.xctest */;
			productType = "com.apple.product-type.bundle.ui-testing";
		};
/* End PBXNativeTarget section */

/* Begin PBXProject section */
		977E853C306668CA00F370D1 /* Project object */ = {
			isa = PBXProject;
			attributes = {
				BuildIndependentTargetsInParallel = 1;
				LastSwiftUpdateCheck = 2700;
				LastUpgradeCheck = 2700;
				TargetAttributes = {
					977E8543306668CA00F370D1 = {
						CreatedOnToolsVersion = 27.0;
					};
					977E8550306668CB00F370D1 = {
						CreatedOnToolsVersion = 27.0;
						TestTargetID = 977E8543306668CA00F370D1;
					};
					977E855A306668CB00F370D1 = {
						CreatedOnToolsVersion = 27.0;
						TestTargetID = 977E8543306668CA00F370D1;
					};
				};
			};
			buildConfigurationList = 977E853F306668CA00F370D1 /* Build configuration list for PBXProject "Konsole" */;
			developmentRegion = en;
			hasScannedForEncodings = 0;
			knownRegions = (
				en,
				Base,
			);
			mainGroup = 977E853B306668CA00F370D1;
			minimizedProjectReferenceProxies = 1;
			preferredProjectObjectVersion = 77;
			productRefGroup = 977E8545306668CA00F370D1 /* Products */;
			projectDirPath = "";
			projectRoot = "";
			targets = (
				977E8543306668CA00F370D1 /* Konsole */,
				977E8550306668CB00F370D1 /* KonsoleTests */,
				977E855A306668CB00F370D1 /* KonsoleUITests */,
			);
		};
/* End PBXProject section */

/* Begin PBXResourcesBuildPhase section */
		977E8542306668CA00F370D1 /* Resources */ = {
			isa = PBXResourcesBuildPhase;
			files = (
			);
		};
		977E854F306668CB00F370D1 /* Resources */ = {
			isa = PBXResourcesBuildPhase;
			files = (
			);
		};
		977E8559306668CB00F370D1 /* Resources */ = {
			isa = PBXResourcesBuildPhase;
			files = (
			);
		};
/* End PBXResourcesBuildPhase section */

/* Begin PBXSourcesBuildPhase section */
		977E8540306668CA00F370D1 /* Sources */ = {
			isa = PBXSourcesBuildPhase;
			files = (
			);
		};
		977E854D306668CB00F370D1 /* Sources */ = {
			isa = PBXSourcesBuildPhase;
			files = (
			);
		};
		977E8557306668CB00F370D1 /* Sources */ = {
			isa = PBXSourcesBuildPhase;
			files = (
			);
		};
/* End PBXSourcesBuildPhase section */

/* Begin PBXTargetDependency section */
		977E8553306668CB00F370D1 /* PBXTargetDependency */ = {
			isa = PBXTargetDependency;
			target = 977E8543306668CA00F370D1 /* Konsole */;
			targetProxy = 977E8552306668CB00F370D1 /* PBXContainerItemProxy */;
		};
		977E855D306668CB00F370D1 /* PBXTargetDependency */ = {
			isa = PBXTargetDependency;
			target = 977E8543306668CA00F370D1 /* Konsole */;
			targetProxy = 977E855C306668CB00F370D1 /* PBXContainerItemProxy */;
		};
/* End PBXTargetDependency section */

/* Begin XCBuildConfiguration section */
		977E8561306668CB00F370D1 /* Debug configuration for PBXProject "Konsole" */ = {
			isa = XCBuildConfiguration;
			buildSettings = {
				ALWAYS_SEARCH_USER_PATHS = NO;
				ASSETCATALOG_COMPILER_GENERATE_SWIFT_ASSET_SYMBOL_EXTENSIONS = YES;
				CLANG_ANALYZER_NONNULL = YES;
				CLANG_ANALYZER_NUMBER_OBJECT_CONVERSION = YES_AGGRESSIVE;
				CLANG_CXX_LANGUAGE_STANDARD = "gnu++20";
				CLANG_ENABLE_MODULES = YES;
				CLANG_ENABLE_OBJC_ARC = YES;
				CLANG_ENABLE_OBJC_WEAK = YES;
				CLANG_WARN_BLOCK_CAPTURE_AUTORELEASING = YES;
				CLANG_WARN_BOOL_CONVERSION = YES;
				CLANG_WARN_COMMA = YES;
				CLANG_WARN_CONSTANT_CONVERSION = YES;
				CLANG_WARN_DEPRECATED_OBJC_IMPLEMENTATIONS = YES;
				CLANG_WARN_DIRECT_OBJC_ISA_USAGE = YES_ERROR;
				CLANG_WARN_DOCUMENTATION_COMMENTS = YES;
				CLANG_WARN_EMPTY_BODY = YES;
				CLANG_WARN_ENUM_CONVERSION = YES;
				CLANG_WARN_INFINITE_RECURSION = YES;
				CLANG_WARN_INT_CONVERSION = YES;
				CLANG_WARN_NON_LITERAL_NULL_CONVERSION = YES;
				CLANG_WARN_OBJC_IMPLICIT_RETAIN_SELF = YES;
				CLANG_WARN_OBJC_LITERAL_CONVERSION = YES;
				CLANG_WARN_OBJC_ROOT_CLASS = YES_ERROR;
				CLANG_WARN_QUOTED_INCLUDE_IN_FRAMEWORK_HEADER = YES;
				CLANG_WARN_RANGE_LOOP_ANALYSIS = YES;
				CLANG_WARN_STRICT_PROTOTYPES = YES;
				CLANG_WARN_SUSPICIOUS_MOVE = YES;
				CLANG_WARN_UNGUARDED_AVAILABILITY = YES_AGGRESSIVE;
				CLANG_WARN_UNREACHABLE_CODE = YES;
				CLANG_WARN__DUPLICATE_METHOD_MATCH = YES;
				COPY_PHASE_STRIP = NO;
				DEBUG_INFORMATION_FORMAT = dwarf;
				DEVELOPMENT_TEAM = 87KC957S8D;
				ENABLE_STRICT_OBJC_MSGSEND = YES;
				ENABLE_TESTABILITY = YES;
				ENABLE_USER_SCRIPT_SANDBOXING = YES;
				GCC_C_LANGUAGE_STANDARD = gnu17;
				GCC_DYNAMIC_NO_PIC = NO;
				GCC_NO_COMMON_BLOCKS = YES;
				GCC_OPTIMIZATION_LEVEL = 0;
				GCC_PREPROCESSOR_DEFINITIONS = (
					"DEBUG=1",
					"$(inherited)",
				);
				GCC_WARN_64_TO_32_BIT_CONVERSION = YES;
				GCC_WARN_ABOUT_RETURN_TYPE = YES_ERROR;
				GCC_WARN_UNDECLARED_SELECTOR = YES;
				GCC_WARN_UNINITIALIZED_AUTOS = YES_AGGRESSIVE;
				GCC_WARN_UNUSED_FUNCTION = YES;
				GCC_WARN_UNUSED_VARIABLE = YES;
				LOCALIZATION_PREFERS_STRING_CATALOGS = YES;
				MACOSX_DEPLOYMENT_TARGET = 26.6;
				MTL_ENABLE_DEBUG_INFO = INCLUDE_SOURCE;
				MTL_FAST_MATH = YES;
				ONLY_ACTIVE_ARCH = YES;
				SDKROOT = macosx;
				SWIFT_ACTIVE_COMPILATION_CONDITIONS = "DEBUG $(inherited)";
				SWIFT_OPTIMIZATION_LEVEL = "-Onone";
			};
			name = Debug;
		};
		977E8562306668CB00F370D1 /* Release configuration for PBXProject "Konsole" */ = {
			isa = XCBuildConfiguration;
			buildSettings = {
				ALWAYS_SEARCH_USER_PATHS = NO;
				ASSETCATALOG_COMPILER_GENERATE_SWIFT_ASSET_SYMBOL_EXTENSIONS = YES;
				CLANG_ANALYZER_NONNULL = YES;
				CLANG_ANALYZER_NUMBER_OBJECT_CONVERSION = YES_AGGRESSIVE;
				CLANG_CXX_LANGUAGE_STANDARD = "gnu++20";
				CLANG_ENABLE_MODULES = YES;
				CLANG_ENABLE_OBJC_ARC = YES;
				CLANG_ENABLE_OBJC_WEAK = YES;
				CLANG_WARN_BLOCK_CAPTURE_AUTORELEASING = YES;
				CLANG_WARN_BOOL_CONVERSION = YES;
				CLANG_WARN_COMMA = YES;
				CLANG_WARN_CONSTANT_CONVERSION = YES;
				CLANG_WARN_DEPRECATED_OBJC_IMPLEMENTATIONS = YES;
				CLANG_WARN_DIRECT_OBJC_ISA_USAGE = YES_ERROR;
				CLANG_WARN_DOCUMENTATION_COMMENTS = YES;
				CLANG_WARN_EMPTY_BODY = YES;
				CLANG_WARN_ENUM_CONVERSION = YES;
				CLANG_WARN_INFINITE_RECURSION = YES;
				CLANG_WARN_INT_CONVERSION = YES;
				CLANG_WARN_NON_LITERAL_NULL_CONVERSION = YES;
				CLANG_WARN_OBJC_IMPLICIT_RETAIN_SELF = YES;
				CLANG_WARN_OBJC_LITERAL_CONVERSION = YES;
				CLANG_WARN_OBJC_ROOT_CLASS = YES_ERROR;
				CLANG_WARN_QUOTED_INCLUDE_IN_FRAMEWORK_HEADER = YES;
				CLANG_WARN_RANGE_LOOP_ANALYSIS = YES;
				CLANG_WARN_STRICT_PROTOTYPES = YES;
				CLANG_WARN_SUSPICIOUS_MOVE = YES;
				CLANG_WARN_UNGUARDED_AVAILABILITY = YES_AGGRESSIVE;
				CLANG_WARN_UNREACHABLE_CODE = YES;
				CLANG_WARN__DUPLICATE_METHOD_MATCH = YES;
				COPY_PHASE_STRIP = NO;
				DEBUG_INFORMATION_FORMAT = "dwarf-with-dsym";
				DEVELOPMENT_TEAM = 87KC957S8D;
				ENABLE_NS_ASSERTIONS = NO;
				ENABLE_STRICT_OBJC_MSGSEND = YES;
				ENABLE_USER_SCRIPT_SANDBOXING = YES;
				GCC_C_LANGUAGE_STANDARD = gnu17;
				GCC_NO_COMMON_BLOCKS = YES;
				GCC_WARN_64_TO_32_BIT_CONVERSION = YES;
				GCC_WARN_ABOUT_RETURN_TYPE = YES_ERROR;
				GCC_WARN_UNDECLARED_SELECTOR = YES;
				GCC_WARN_UNINITIALIZED_AUTOS = YES_AGGRESSIVE;
				GCC_WARN_UNUSED_FUNCTION = YES;
				GCC_WARN_UNUSED_VARIABLE = YES;
				LOCALIZATION_PREFERS_STRING_CATALOGS = YES;
				MACOSX_DEPLOYMENT_TARGET = 26.6;
				MTL_ENABLE_DEBUG_INFO = NO;
				MTL_FAST_MATH = YES;
				SDKROOT = macosx;
				SWIFT_COMPILATION_MODE = wholemodule;
			};
			name = Release;
		};
		977E8564306668CB00F370D1 /* Debug configuration for PBXNativeTarget "Konsole" */ = {
			isa = XCBuildConfiguration;
			buildSettings = {
				ASSETCATALOG_COMPILER_APPICON_NAME = AppIcon;
				ASSETCATALOG_COMPILER_GLOBAL_ACCENT_COLOR_NAME = AccentColor;
				CODE_SIGN_STYLE = Automatic;
				COMBINE_HIDPI_IMAGES = YES;
				CURRENT_PROJECT_VERSION = 1;
				DEVELOPMENT_TEAM = 87KC957S8D;
				ENABLE_APP_SANDBOX = YES;
				ENABLE_HARDENED_RUNTIME = YES;
				ENABLE_PREVIEWS = YES;
				ENABLE_USER_SELECTED_FILES = readonly;
				GENERATE_INFOPLIST_FILE = YES;
				INFOPLIST_KEY_NSHumanReadableCopyright = "";
				LD_RUNPATH_SEARCH_PATHS = (
					"$(inherited)",
					"@executable_path/../Frameworks",
				);
				MARKETING_VERSION = 1.0;
				PRODUCT_BUNDLE_IDENTIFIER = kanna.Konsole;
				PRODUCT_NAME = "$(TARGET_NAME)";
				REGISTER_APP_GROUPS = YES;
				STRING_CATALOG_GENERATE_SYMBOLS = YES;
				SWIFT_APPROACHABLE_CONCURRENCY = YES;
				SWIFT_DEFAULT_ACTOR_ISOLATION = MainActor;
				SWIFT_EMIT_LOC_STRINGS = YES;
				SWIFT_UPCOMING_FEATURE_MEMBER_IMPORT_VISIBILITY = YES;
				SWIFT_VERSION = 5.0;
			};
			name = Debug;
		};
		977E8565306668CB00F370D1 /* Release configuration for PBXNativeTarget "Konsole" */ = {
			isa = XCBuildConfiguration;
			buildSettings = {
				ASSETCATALOG_COMPILER_APPICON_NAME = AppIcon;
				ASSETCATALOG_COMPILER_GLOBAL_ACCENT_COLOR_NAME = AccentColor;
				CODE_SIGN_STYLE = Automatic;
				COMBINE_HIDPI_IMAGES = YES;
				CURRENT_PROJECT_VERSION = 1;
				DEVELOPMENT_TEAM = 87KC957S8D;
				ENABLE_APP_SANDBOX = YES;
				ENABLE_HARDENED_RUNTIME = YES;
				ENABLE_PREVIEWS = YES;
				ENABLE_USER_SELECTED_FILES = readonly;
				GENERATE_INFOPLIST_FILE = YES;
				INFOPLIST_KEY_NSHumanReadableCopyright = "";
				LD_RUNPATH_SEARCH_PATHS = (
					"$(inherited)",
					"@executable_path/../Frameworks",
				);
				MARKETING_VERSION = 1.0;
				PRODUCT_BUNDLE_IDENTIFIER = kanna.Konsole;
				PRODUCT_NAME = "$(TARGET_NAME)";
				REGISTER_APP_GROUPS = YES;
				STRING_CATALOG_GENERATE_SYMBOLS = YES;
				SWIFT_APPROACHABLE_CONCURRENCY = YES;
				SWIFT_DEFAULT_ACTOR_ISOLATION = MainActor;
				SWIFT_EMIT_LOC_STRINGS = YES;
				SWIFT_UPCOMING_FEATURE_MEMBER_IMPORT_VISIBILITY = YES;
				SWIFT_VERSION = 5.0;
			};
			name = Release;
		};
		977E8567306668CB00F370D1 /* Debug configuration for PBXNativeTarget "KonsoleTests" */ = {
			isa = XCBuildConfiguration;
			buildSettings = {
				BUNDLE_LOADER = "$(TEST_HOST)";
				CODE_SIGN_STYLE = Automatic;
				CURRENT_PROJECT_VERSION = 1;
				DEVELOPMENT_TEAM = 87KC957S8D;
				GENERATE_INFOPLIST_FILE = YES;
				MACOSX_DEPLOYMENT_TARGET = 26.6;
				MARKETING_VERSION = 1.0;
				PRODUCT_BUNDLE_IDENTIFIER = kanna.KonsoleTests;
				PRODUCT_NAME = "$(TARGET_NAME)";
				STRING_CATALOG_GENERATE_SYMBOLS = NO;
				SWIFT_APPROACHABLE_CONCURRENCY = YES;
				SWIFT_EMIT_LOC_STRINGS = NO;
				SWIFT_UPCOMING_FEATURE_MEMBER_IMPORT_VISIBILITY = YES;
				SWIFT_VERSION = 5.0;
				TEST_HOST = "$(BUILT_PRODUCTS_DIR)/Konsole.app/$(BUNDLE_EXECUTABLE_FOLDER_PATH)/Konsole";
			};
			name = Debug;
		};
		977E8568306668CB00F370D1 /* Release configuration for PBXNativeTarget "KonsoleTests" */ = {
			isa = XCBuildConfiguration;
			buildSettings = {
				BUNDLE_LOADER = "$(TEST_HOST)";
				CODE_SIGN_STYLE = Automatic;
				CURRENT_PROJECT_VERSION = 1;
				DEVELOPMENT_TEAM = 87KC957S8D;
				GENERATE_INFOPLIST_FILE = YES;
				MACOSX_DEPLOYMENT_TARGET = 26.6;
				MARKETING_VERSION = 1.0;
				PRODUCT_BUNDLE_IDENTIFIER = kanna.KonsoleTests;
				PRODUCT_NAME = "$(TARGET_NAME)";
				STRING_CATALOG_GENERATE_SYMBOLS = NO;
				SWIFT_APPROACHABLE_CONCURRENCY = YES;
				SWIFT_EMIT_LOC_STRINGS = NO;
				SWIFT_UPCOMING_FEATURE_MEMBER_IMPORT_VISIBILITY = YES;
				SWIFT_VERSION = 5.0;
				TEST_HOST = "$(BUILT_PRODUCTS_DIR)/Konsole.app/$(BUNDLE_EXECUTABLE_FOLDER_PATH)/Konsole";
			};
			name = Release;
		};
		977E856A306668CB00F370D1 /* Debug configuration for PBXNativeTarget "KonsoleUITests" */ = {
			isa = XCBuildConfiguration;
			buildSettings = {
				CODE_SIGN_STYLE = Automatic;
				CURRENT_PROJECT_VERSION = 1;
				DEVELOPMENT_TEAM = 87KC957S8D;
				GENERATE_INFOPLIST_FILE = YES;
				MARKETING_VERSION = 1.0;
				PRODUCT_BUNDLE_IDENTIFIER = kanna.KonsoleUITests;
				PRODUCT_NAME = "$(TARGET_NAME)";
				STRING_CATALOG_GENERATE_SYMBOLS = NO;
				SWIFT_APPROACHABLE_CONCURRENCY = YES;
				SWIFT_EMIT_LOC_STRINGS = NO;
				SWIFT_UPCOMING_FEATURE_MEMBER_IMPORT_VISIBILITY = YES;
				SWIFT_VERSION = 5.0;
				TEST_TARGET_NAME = Konsole;
			};
			name = Debug;
		};
		977E856B306668CB00F370D1 /* Release configuration for PBXNativeTarget "KonsoleUITests" */ = {
			isa = XCBuildConfiguration;
			buildSettings = {
				CODE_SIGN_STYLE = Automatic;
				CURRENT_PROJECT_VERSION = 1;
				DEVELOPMENT_TEAM = 87KC957S8D;
				GENERATE_INFOPLIST_FILE = YES;
				MARKETING_VERSION = 1.0;
				PRODUCT_BUNDLE_IDENTIFIER = kanna.KonsoleUITests;
				PRODUCT_NAME = "$(TARGET_NAME)";
				STRING_CATALOG_GENERATE_SYMBOLS = NO;
				SWIFT_APPROACHABLE_CONCURRENCY = YES;
				SWIFT_EMIT_LOC_STRINGS = NO;
				SWIFT_UPCOMING_FEATURE_MEMBER_IMPORT_VISIBILITY = YES;
				SWIFT_VERSION = 5.0;
				TEST_TARGET_NAME = Konsole;
			};
			name = Release;
		};
/* End XCBuildConfiguration section */

/* Begin XCConfigurationList section */
		977E853F306668CA00F370D1 /* Build configuration list for PBXProject "Konsole" */ = {
			isa = XCConfigurationList;
			buildConfigurations = (
				977E8561306668CB00F370D1 /* Debug configuration for PBXProject "Konsole" */,
				977E8562306668CB00F370D1 /* Release configuration for PBXProject "Konsole" */,
			);
			defaultConfigurationName = Release;
		};
		977E8563306668CB00F370D1 /* Build configuration list for PBXNativeTarget "Konsole" */ = {
			isa = XCConfigurationList;
			buildConfigurations = (
				977E8564306668CB00F370D1 /* Debug configuration for PBXNativeTarget "Konsole" */,
				977E8565306668CB00F370D1 /* Release configuration for PBXNativeTarget "Konsole" */,
			);
			defaultConfigurationName = Release;
		};
		977E8566306668CB00F370D1 /* Build configuration list for PBXNativeTarget "KonsoleTests" */ = {
			isa = XCConfigurationList;
			buildConfigurations = (
				977E8567306668CB00F370D1 /* Debug configuration for PBXNativeTarget "KonsoleTests" */,
				977E8568306668CB00F370D1 /* Release configuration for PBXNativeTarget "KonsoleTests" */,
			);
			defaultConfigurationName = Release;
		};
		977E8569306668CB00F370D1 /* Build configuration list for PBXNativeTarget "KonsoleUITests" */ = {
			isa = XCConfigurationList;
			buildConfigurations = (
				977E856A306668CB00F370D1 /* Debug configuration for PBXNativeTarget "KonsoleUITests" */,
				977E856B306668CB00F370D1 /* Release configuration for PBXNativeTarget "KonsoleUITests" */,
			);
			defaultConfigurationName = Release;
		};
/* End XCConfigurationList section */
	};
	rootObject = 977E853C306668CA00F370D1 /* Project object */;
	validationLevel = 1;
}
